
Microsoft Visual Studio Solution File, Format Version 12.00
# Visual Studio 15
VisualStudioVersion = 15.0.26730.15
MinimumVisualStudioVersion = 10.0.40219.1
Project("{FAE04EC0-301F-11D3-BF4B-00C04F79EFBC}") = "MG.Play", "MG.Play\MG.Play.csproj", "{02CC11E0-D6B6-45BD-877E-D8D23FA6FA7D}"
EndProject
Project("{FAE04EC0-301F-11D3-BF4B-00C04F79EFBC}") = "MG.Play.Tests", "MG.Play.Tests\MG.Play.Tests.csproj", "{30422225-7474-450F-B0FD-DB83961FC897}"
EndProject
Project("{FAE04EC0-301F-11D3-BF4B-00C04F79EFBC}") = "MG.Assets", "MG.Assets\MG.Assets.csproj", "{2FC01D79-8C9C-4705-9BE2-248091071476}"
EndProject
Project("{FAE04EC0-301F-11D3-BF4B-00C04F79EFBC}") = "MG.Assets.Tests", "MG.Assets.Tests\MG.Assets.Tests.csproj", "{4A5F9BBF-0050-4504-8FD6-F559DB6A7F12}"
EndProject
Project("{2150E333-8FDC-42A3-9474-1A3956D46DE8}") = "Solution Items", "Solution Items", "{07FB1432-CA20-43BC-BB63-843FE8429A42}"
EndProject
Global
	GlobalSection(SolutionConfigurationPlatforms) = preSolution
		Debug|Any CPU = Debug|Any CPU
		Release|Any CPU = Release|Any CPU
	EndGlobalSection
	GlobalSection(ProjectConfigurationPlatforms) = postSolution
		{02CC11E0-D6B6-45BD-877E-D8D23FA6FA7D}.Debug|Any CPU.ActiveCfg = Debug|Any CPU
		{02CC11E0-D6B6-45BD-877E-D8D23FA6FA7D}.Debug|Any CPU.Build.0 = Debug|Any CPU
		{02CC11E0-D6B6-45BD-877E-D8D23FA6FA7D}.Release|Any CPU.ActiveCfg = Release|Any CPU
		{02CC11E0-D6B6-45BD-877E-D8D23FA6FA7D}.Release|Any CPU.Build.0 = Release|Any CPU
		{30422225-7474-450F-B0FD-DB83961FC897}.Debug|Any CPU.ActiveCfg = Debug|Any CPU
		{30422225-7474-450F-B0FD-DB83961FC897}.Debug|Any CPU.Build.0 = Debug|Any CPU
		{30422225-7474-450F-B0FD-DB83961FC897}.Release|Any CPU.ActiveCfg = Release|Any CPU
		{30422225-7474-450F-B0FD-DB83961FC897}.Release|Any CPU.Build.0 = Release|Any CPU
		{2FC01D79-8C9C-4705-9BE2-248091071476}.Debug|Any CPU.ActiveCfg = Debug|Any CPU
		{2FC01D79-8C9C-4705-9BE2-248091071476}.Debug|Any CPU.Build.0 = Debug|Any CPU
		{2FC01D79-8C9C-4705-9BE2-248091071476}.Release|Any CPU.ActiveCfg = Release|Any CPU
		{2FC01D79-8C9C-4705-9BE2-248091071476}.Release|Any CPU.Build.0 = Release|Any CPU
		{4A5F9BBF-0050-4504-8FD6-F559DB6A7F12}.Debug|Any CPU.ActiveCfg = Debug|Any CPU
		{4A5F9BBF-0050-4504-8FD6-F559DB6A7F12}.Debug|Any CPU.Build.0 = Debug|Any CPU
		{4A5F9BBF-0050-4504-8FD6-F559DB6A7F12}.Release|Any CPU.ActiveCfg = Release|Any CPU
		{4A5F9BBF-0050-4504-8FD6-F559DB6A7F12}.Release|Any CPU.Build.0 = Release|Any CPU
	EndGlobalSection
	GlobalSection(SolutionProperties) = preSolution
		HideSolutionNode = FALSE
	EndGlobalSection
	GlobalSection(ExtensibilityGlobals) = postSolution
		SolutionGuid = {266F60F3-94BD-4F29-8A97-D8D99EF459E7}
	EndGlobalSection
EndGlobal
